
Microsoft Visual Studio Solution File, Format Version 12.00
# Visual Studio Version 17
VisualStudioVersion = 17.2.32519.379
MinimumVisualStudioVersion = 10.0.40219.1
Project("{FAE04EC0-301F-11D3-BF4B-00C04F79EFBC}") = "Ex1", "Ex1\Ex1.csproj", "{1EC1EADC-E55B-4785-8E3A-BA285893AF9B}"
EndProject
Global
	GlobalSection(SolutionConfigurationPlatforms) = preSolution
		Debug|Any CPU = Debug|Any CPU
		Release|Any CPU = Release|Any CPU
	EndGlobalSection
	GlobalSection(ProjectConfigurationPlatforms) = postSolution
		{1EC1EADC-E55B-4785-8E3A-BA285893AF9B}.Debug|Any CPU.ActiveCfg = Debug|Any CPU
		{1EC1EADC-E55B-4785-8E3A-BA285893AF9B}.Debug|Any CPU.Build.0 = Debug|Any CPU
		{1EC1EADC-E55B-4785-8E3A-BA285893AF9B}.Release|Any CPU.ActiveCfg = Release|Any CPU
		{1EC1EADC-E55B-4785-8E3A-BA285893AF9B}.Release|Any CPU.Build.0 = Release|Any CPU
	EndGlobalSection
	GlobalSection(SolutionProperties) = preSolution
		HideSolutionNode = FALSE
	EndGlobalSection
	GlobalSection(ExtensibilityGlobals) = postSolution
		SolutionGuid = {49978D63-61ED-40B0-BFF4-A8AE002FB267}
	EndGlobalSection
EndGlobal
